
Microsoft Visual Studio Solution File, Format Version 12.00
# Visual Studio Version 17
VisualStudioVersion = 17.1.32407.343
MinimumVisualStudioVersion = 10.0.40219.1
Project("{FAE04EC0-301F-11D3-BF4B-00C04F79EFBC}") = "stackAndqueue", "stackAndqueue.csproj", "{F914FE65-AA15-4FC7-83A8-3449C99BB0C7}"
EndProject
Global
	GlobalSection(SolutionConfigurationPlatforms) = preSolution
		Debug|Any CPU = Debug|Any CPU
		Release|Any CPU = Release|Any CPU
	EndGlobalSection
	GlobalSection(ProjectConfigurationPlatforms) = postSolution
		{F914FE65-AA15-4FC7-83A8-3449C99BB0C7}.Debug|Any CPU.ActiveCfg = Debug|Any CPU
		{F914FE65-AA15-4FC7-83A8-3449C99BB0C7}.Debug|Any CPU.Build.0 = Debug|Any CPU
		{F914FE65-AA15-4FC7-83A8-3449C99BB0C7}.Release|Any CPU.ActiveCfg = Release|Any CPU
		{F914FE65-AA15-4FC7-83A8-3449C99BB0C7}.Release|Any CPU.Build.0 = Release|Any CPU
	EndGlobalSection
	GlobalSection(SolutionProperties) = preSolution
		HideSolutionNode = FALSE
	EndGlobalSection
	GlobalSection(ExtensibilityGlobals) = postSolution
		SolutionGuid = {FEB67B23-3532-4C76-A23C-4CEBBE8788D5}
	EndGlobalSection
EndGlobal
